
Microsoft Visual Studio Solution File, Format Version 12.00
# Visual Studio Version 17
VisualStudioVersion = 17.2.32630.192
MinimumVisualStudioVersion = 10.0.40219.1
Project("{FAE04EC0-301F-11D3-BF4B-00C04F79EFBC}") = "RoutingNavigation", "RoutingNavigation\RoutingNavigation.csproj", "{9DAAD581-D379-432A-92F1-3ED86AC22A6B}"
EndProject
Global
	GlobalSection(SolutionConfigurationPlatforms) = preSolution
		Debug|Any CPU = Debug|Any CPU
		Release|Any CPU = Release|Any CPU
	EndGlobalSection
	GlobalSection(ProjectConfigurationPlatforms) = postSolution
		{9DAAD581-D379-432A-92F1-3ED86AC22A6B}.Debug|Any CPU.ActiveCfg = Debug|Any CPU
		{9DAAD581-D379-432A-92F1-3ED86AC22A6B}.Debug|Any CPU.Build.0 = Debug|Any CPU
		{9DAAD581-D379-432A-92F1-3ED86AC22A6B}.Release|Any CPU.ActiveCfg = Release|Any CPU
		{9DAAD581-D379-432A-92F1-3ED86AC22A6B}.Release|Any CPU.Build.0 = Release|Any CPU
	EndGlobalSection
	GlobalSection(SolutionProperties) = preSolution
		HideSolutionNode = FALSE
	EndGlobalSection
	GlobalSection(ExtensibilityGlobals) = postSolution
		SolutionGuid = {C32242C0-1E68-41D0-970F-3E3704B92A73}
	EndGlobalSection
EndGlobal
